
Microsoft Visual Studio Solution File, Format Version 12.00
# Visual Studio Version 17
VisualStudioVersion = 17.5.33424.131
MinimumVisualStudioVersion = 10.0.40219.1
Project("{FAE04EC0-301F-11D3-BF4B-00C04F79EFBC}") = "API_Panificadora", "API_Panificadora.csproj", "{98705109-DF51-4385-AA16-4FD7FC8888C4}"
EndProject
Global
	GlobalSection(SolutionConfigurationPlatforms) = preSolution
		Debug|Any CPU = Debug|Any CPU
		Release|Any CPU = Release|Any CPU
	EndGlobalSection
	GlobalSection(ProjectConfigurationPlatforms) = postSolution
		{98705109-DF51-4385-AA16-4FD7FC8888C4}.Debug|Any CPU.ActiveCfg = Debug|Any CPU
		{98705109-DF51-4385-AA16-4FD7FC8888C4}.Debug|Any CPU.Build.0 = Debug|Any CPU
		{98705109-DF51-4385-AA16-4FD7FC8888C4}.Release|Any CPU.ActiveCfg = Release|Any CPU
		{98705109-DF51-4385-AA16-4FD7FC8888C4}.Release|Any CPU.Build.0 = Release|Any CPU
	EndGlobalSection
	GlobalSection(SolutionProperties) = preSolution
		HideSolutionNode = FALSE
	EndGlobalSection
	GlobalSection(ExtensibilityGlobals) = postSolution
		SolutionGuid = {B9A86109-4A32-461C-8568-983EC9FA5E0E}
	EndGlobalSection
EndGlobal
